
Microsoft Visual Studio Solution File, Format Version 12.00
# Visual Studio Version 17
VisualStudioVersion = 17.7.34202.233
MinimumVisualStudioVersion = 10.0.40219.1
Project("{FAE04EC0-301F-11D3-BF4B-00C04F79EFBC}") = "RingLibrary", "RingLibrary\RingLibrary.csproj", "{3E369C8C-EBD7-4290-86B9-3877F48ADF38}"
EndProject
Project("{FAE04EC0-301F-11D3-BF4B-00C04F79EFBC}") = "RingUnitTest", "RingUnitTest\RingUnitTest.csproj", "{F9137124-1342-4718-A5F7-221E4FCCEE07}"
EndProject
Global
	GlobalSection(SolutionConfigurationPlatforms) = preSolution
		Debug|Any CPU = Debug|Any CPU
		Release|Any CPU = Release|Any CPU
	EndGlobalSection
	GlobalSection(ProjectConfigurationPlatforms) = postSolution
		{3E369C8C-EBD7-4290-86B9-3877F48ADF38}.Debug|Any CPU.ActiveCfg = Debug|Any CPU
		{3E369C8C-EBD7-4290-86B9-3877F48ADF38}.Debug|Any CPU.Build.0 = Debug|Any CPU
		{3E369C8C-EBD7-4290-86B9-3877F48ADF38}.Release|Any CPU.ActiveCfg = Release|Any CPU
		{3E369C8C-EBD7-4290-86B9-3877F48ADF38}.Release|Any CPU.Build.0 = Release|Any CPU
		{F9137124-1342-4718-A5F7-221E4FCCEE07}.Debug|Any CPU.ActiveCfg = Debug|Any CPU
		{F9137124-1342-4718-A5F7-221E4FCCEE07}.Debug|Any CPU.Build.0 = Debug|Any CPU
		{F9137124-1342-4718-A5F7-221E4FCCEE07}.Release|Any CPU.ActiveCfg = Release|Any CPU
		{F9137124-1342-4718-A5F7-221E4FCCEE07}.Release|Any CPU.Build.0 = Release|Any CPU
	EndGlobalSection
	GlobalSection(SolutionProperties) = preSolution
		HideSolutionNode = FALSE
	EndGlobalSection
	GlobalSection(ExtensibilityGlobals) = postSolution
		SolutionGuid = {73441043-4CE2-41AF-BC73-861D165D388B}
	EndGlobalSection
EndGlobal
